{
  "nodes": {
    "nixpkgs": {
      "locked": {
        "lastModified": 1697369056,
        "narHash": "sha256-QOLhlbjjAFN1jCNRDWhRd6HwGqB2/Q6GIVDpNdMxV9Q=",
        "owner": "NixOS",
        "repo": "nixpkgs",
        "rev": "fcddb1e06ae09a0cb5f86d32d401a3a8fdef0e0d",
        "type": "github"
      },
      "original": {
        "owner": "NixOS",
        "repo": "nixpkgs",
        "type": "github"
      }
    },
    "root": {
      "inputs": {
        "nixpkgs": "nixpkgs"
      }
    }
  },
  "root": "root",
  "version": 7
}
